
Microsoft Visual Studio Solution File, Format Version 12.00
Project("{FAE04EC0-301F-11D3-BF4B-00C04F79EFBC}") = "Pft.Domain", "Pft.Domain\Pft.Domain.csproj", "{686628FF-871C-40C1-830D-C6F47F324EE6}"
EndProject
Project("{FAE04EC0-301F-11D3-BF4B-00C04F79EFBC}") = "Pft.Infrastructure", "Pft.Infrastructure\Pft.Infrastructure.csproj", "{791B8B1F-9EA3-482A-BD83-2AD6BD8378E7}"
EndProject
Global
	GlobalSection(SolutionConfigurationPlatforms) = preSolution
		Debug|Any CPU = Debug|Any CPU
		Release|Any CPU = Release|Any CPU
	EndGlobalSection
	GlobalSection(ProjectConfigurationPlatforms) = postSolution
		{686628FF-871C-40C1-830D-C6F47F324EE6}.Debug|Any CPU.ActiveCfg = Debug|Any CPU
		{686628FF-871C-40C1-830D-C6F47F324EE6}.Debug|Any CPU.Build.0 = Debug|Any CPU
		{686628FF-871C-40C1-830D-C6F47F324EE6}.Release|Any CPU.ActiveCfg = Release|Any CPU
		{686628FF-871C-40C1-830D-C6F47F324EE6}.Release|Any CPU.Build.0 = Release|Any CPU
		{791B8B1F-9EA3-482A-BD83-2AD6BD8378E7}.Debug|Any CPU.ActiveCfg = Debug|Any CPU
		{791B8B1F-9EA3-482A-BD83-2AD6BD8378E7}.Debug|Any CPU.Build.0 = Debug|Any CPU
		{791B8B1F-9EA3-482A-BD83-2AD6BD8378E7}.Release|Any CPU.ActiveCfg = Release|Any CPU
		{791B8B1F-9EA3-482A-BD83-2AD6BD8378E7}.Release|Any CPU.Build.0 = Release|Any CPU
	EndGlobalSection
EndGlobal
